// !$*UTF8*$!
{
	archiveVersion = 1;
	classes = {
	};
	objectVersion = 56;
	objects = {

/* Begin PBXBuildFile section */
		192009E929C3561800C7C166 /* Constants.swift in Sources */ = {isa = PBXBuildFile; fileRef = 192009E829C3561800C7C166 /* Constants.swift */; };
		1997B0B429C0C8C6006F2D2C /* AppDelegate.swift in Sources */ = {isa = PBXBuildFile; fileRef = 1997B0B329C0C8C6006F2D2C /* AppDelegate.swift */; };
		1997B0B629C0C8C6006F2D2C /* SceneDelegate.swift in Sources */ = {isa = PBXBuildFile; fileRef = 1997B0B529C0C8C6006F2D2C /* SceneDelegate.swift */; };
		1997B0B829C0C8C6006F2D2C /* ViewController.swift in Sources */ = {isa = PBXBuildFile; fileRef = 1997B0B729C0C8C6006F2D2C /* ViewController.swift */; };
		1997B0BB29C0C8C6006F2D2C /* Main.storyboard in Resources */ = {isa = PBXBuildFile; fileRef = 1997B0B929C0C8C6006F2D2C /* Main.storyboard */; };
		1997B0BD29C0C8C7006F2D2C /* Assets.xcassets in Resources */ = {isa = PBXBuildFile; fileRef = 1997B0BC29C0C8C7006F2D2C /* Assets.xcassets */; };
		1997B0C029C0C8C7006F2D2C /* LaunchScreen.storyboard in Resources */ = {isa = PBXBuildFile; fileRef = 1997B0BE29C0C8C7006F2D2C /* LaunchScreen.storyboard */; };
		1997B0C929C0CCB6006F2D2C /* RegisterViewControler.swift in Sources */ = {isa = PBXBuildFile; fileRef = 1997B0C829C0CCB6006F2D2C /* RegisterViewControler.swift */; };
		1997B0CB29C0CCCC006F2D2C /* LoginViewController.swift in Sources */ = {isa = PBXBuildFile; fileRef = 1997B0CA29C0CCCC006F2D2C /* LoginViewController.swift */; };
		1997B0CE29C0D84D006F2D2C /* SuccessViewController.swift in Sources */ = {isa = PBXBuildFile; fileRef = 1997B0CD29C0D84D006F2D2C /* SuccessViewController.swift */; };
		1997B0D029C0DAC2006F2D2C /* GoogleService-Info.plist in Resources */ = {isa = PBXBuildFile; fileRef = 1997B0CF29C0DAC2006F2D2C /* GoogleService-Info.plist */; };
		1997B0D329C0DBB4006F2D2C /* FirebaseAuth in Frameworks */ = {isa = PBXBuildFile; productRef = 1997B0D229C0DBB4006F2D2C /* FirebaseAuth */; };
		1997B0D529C0DBB4006F2D2C /* FirebaseFirestore in Frameworks */ = {isa = PBXBuildFile; productRef = 1997B0D429C0DBB4006F2D2C /* FirebaseFirestore */; };
		19D9BDC929C4A9BD0070D916 /* Message.swift in Sources */ = {isa = PBXBuildFile; fileRef = 19D9BDC829C4A9BD0070D916 /* Message.swift */; };
		19D9BDCC29C4B5C10070D916 /* MessageCell.swift in Sources */ = {isa = PBXBuildFile; fileRef = 19D9BDCA29C4B5C00070D916 /* MessageCell.swift */; };
		19D9BDCD29C4B5C10070D916 /* MessageCell.xib in Resources */ = {isa = PBXBuildFile; fileRef = 19D9BDCB29C4B5C00070D916 /* MessageCell.xib */; };
/* End PBXBuildFile section */

/* Begin PBXFileReference section */
		192009E829C3561800C7C166 /* Constants.swift */ = {isa = PBXFileReference; lastKnownFileType = sourcecode.swift; path = Constants.swift; sourceTree = "<group>"; };
		1997B0B029C0C8C6006F2D2C /* RLTest.app */ = {isa = PBXFileReference; explicitFileType = wrapper.application; includeInIndex = 0; path = RLTest.app; sourceTree = BUILT_PRODUCTS_DIR; };
		1997B0B329C0C8C6006F2D2C /* AppDelegate.swift */ = {isa = PBXFileReference; lastKnownFileType = sourcecode.swift; path = AppDelegate.swift; sourceTree = "<group>"; };
		1997B0B529C0C8C6006F2D2C /* SceneDelegate.swift */ = {isa = PBXFileReference; lastKnownFileType = sourcecode.swift; path = SceneDelegate.swift; sourceTree = "<group>"; };
		1997B0B729C0C8C6006F2D2C /* ViewController.swift */ = {isa = PBXFileReference; lastKnownFileType = sourcecode.swift; path = ViewController.swift; sourceTree = "<group>"; };
		1997B0BA29C0C8C6006F2D2C /* Base */ = {isa = PBXFileReference; lastKnownFileType = file.storyboard; name = Base; path = Base.lproj/Main.storyboard; sourceTree = "<group>"; };
		1997B0BC29C0C8C7006F2D2C /* Assets.xcassets */ = {isa = PBXFileReference; lastKnownFileType = folder.assetcatalog; path = Assets.xcassets; sourceTree = "<group>"; };
		1997B0BF29C0C8C7006F2D2C /* Base */ = {isa = PBXFileReference; lastKnownFileType = file.storyboard; name = Base; path = Base.lproj/LaunchScreen.storyboard; sourceTree = "<group>"; };
		1997B0C129C0C8C7006F2D2C /* Info.plist */ = {isa = PBXFileReference; lastKnownFileType = text.plist.xml; path = Info.plist; sourceTree = "<group>"; };
		1997B0C829C0CCB6006F2D2C /* RegisterViewControler.swift */ = {isa = PBXFileReference; lastKnownFileType = sourcecode.swift; path = RegisterViewControler.swift; sourceTree = "<group>"; };
		1997B0CA29C0CCCC006F2D2C /* LoginViewController.swift */ = {isa = PBXFileReference; lastKnownFileType = sourcecode.swift; path = LoginViewController.swift; sourceTree = "<group>"; };
		1997B0CD29C0D84D006F2D2C /* SuccessViewController.swift */ = {isa = PBXFileReference; lastKnownFileType = sourcecode.swift; path = SuccessViewController.swift; sourceTree = "<group>"; };
		1997B0CF29C0DAC2006F2D2C /* GoogleService-Info.plist */ = {isa = PBXFileReference; fileEncoding = 4; lastKnownFileType = text.plist.xml; path = "GoogleService-Info.plist"; sourceTree = "<group>"; };
		19D9BDC829C4A9BD0070D916 /* Message.swift */ = {isa = PBXFileReference; lastKnownFileType = sourcecode.swift; path = Message.swift; sourceTree = "<group>"; };
		19D9BDCA29C4B5C00070D916 /* MessageCell.swift */ = {isa = PBXFileReference; lastKnownFileType = sourcecode.swift; path = MessageCell.swift; sourceTree = "<group>"; };
		19D9BDCB29C4B5C00070D916 /* MessageCell.xib */ = {isa = PBXFileReference; lastKnownFileType = file.xib; path = MessageCell.xib; sourceTree = "<group>"; };
/* End PBXFileReference section */

/* Begin PBXFrameworksBuildPhase section */
		1997B0AD29C0C8C6006F2D2C /* Frameworks */ = {
			isa = PBXFrameworksBuildPhase;
			buildActionMask = 2147483647;
			files = (
				1997B0D329C0DBB4006F2D2C /* FirebaseAuth in Frameworks */,
				1997B0D529C0DBB4006F2D2C /* FirebaseFirestore in Frameworks */,
			);
			runOnlyForDeploymentPostprocessing = 0;
		};
/* End PBXFrameworksBuildPhase section */

/* Begin PBXGroup section */
		1997B0A729C0C8C6006F2D2C = {
			isa = PBXGroup;
			children = (
				1997B0B229C0C8C6006F2D2C /* RLTest */,
				1997B0B129C0C8C6006F2D2C /* Products */,
			);
			sourceTree = "<group>";
		};
		1997B0B129C0C8C6006F2D2C /* Products */ = {
			isa = PBXGroup;
			children = (
				1997B0B029C0C8C6006F2D2C /* RLTest.app */,
			);
			name = Products;
			sourceTree = "<group>";
		};
		1997B0B229C0C8C6006F2D2C /* RLTest */ = {
			isa = PBXGroup;
			children = (
				19D9BDC729C4A9A60070D916 /* Model */,
				1997B0C729C0C919006F2D2C /* Controler */,
				1997B0CC29C0CDBD006F2D2C /* Views */,
				1997B0B329C0C8C6006F2D2C /* AppDelegate.swift */,
				1997B0B529C0C8C6006F2D2C /* SceneDelegate.swift */,
				1997B0BC29C0C8C7006F2D2C /* Assets.xcassets */,
				1997B0BE29C0C8C7006F2D2C /* LaunchScreen.storyboard */,
				1997B0C129C0C8C7006F2D2C /* Info.plist */,
				1997B0CF29C0DAC2006F2D2C /* GoogleService-Info.plist */,
				192009E829C3561800C7C166 /* Constants.swift */,
			);
			path = RLTest;
			sourceTree = "<group>";
		};
		1997B0C729C0C919006F2D2C /* Controler */ = {
			isa = PBXGroup;
			children = (
				1997B0B729C0C8C6006F2D2C /* ViewController.swift */,
				1997B0C829C0CCB6006F2D2C /* RegisterViewControler.swift */,
				1997B0CA29C0CCCC006F2D2C /* LoginViewController.swift */,
				1997B0CD29C0D84D006F2D2C /* SuccessViewController.swift */,
			);
			path = Controler;
			sourceTree = "<group>";
		};
		1997B0CC29C0CDBD006F2D2C /* Views */ = {
			isa = PBXGroup;
			children = (
				1997B0B929C0C8C6006F2D2C /* Main.storyboard */,
				19D9BDCA29C4B5C00070D916 /* MessageCell.swift */,
				19D9BDCB29C4B5C00070D916 /* MessageCell.xib */,
			);
			path = Views;
			sourceTree = "<group>";
		};
		19D9BDC729C4A9A60070D916 /* Model */ = {
			isa = PBXGroup;
			children = (
				19D9BDC829C4A9BD0070D916 /* Message.swift */,
			);
			path = Model;
			sourceTree = "<group>";
		};
/* End PBXGroup section */

/* Begin PBXNativeTarget section */
		1997B0AF29C0C8C6006F2D2C /* RLTest */ = {
			isa = PBXNativeTarget;
			buildConfigurationList = 1997B0C429C0C8C7006F2D2C /* Build configuration list for PBXNativeTarget "RLTest" */;
			buildPhases = (
				1997B0AC29C0C8C6006F2D2C /* Sources */,
				1997B0AD29C0C8C6006F2D2C /* Frameworks */,
				1997B0AE29C0C8C6006F2D2C /* Resources */,
			);
			buildRules = (
			);
			dependencies = (
			);
			name = RLTest;
			packageProductDependencies = (
				1997B0D229C0DBB4006F2D2C /* FirebaseAuth */,
				1997B0D429C0DBB4006F2D2C /* FirebaseFirestore */,
			);
			productName = RLTest;
			productReference = 1997B0B029C0C8C6006F2D2C /* RLTest.app */;
			productType = "com.apple.product-type.application";
		};
/* End PBXNativeTarget section */

/* Begin PBXProject section */
		1997B0A829C0C8C6006F2D2C /* Project object */ = {
			isa = PBXProject;
			attributes = {
				BuildIndependentTargetsInParallel = 1;
				LastSwiftUpdateCheck = 1420;
				LastUpgradeCheck = 1420;
				TargetAttributes = {
					1997B0AF29C0C8C6006F2D2C = {
						CreatedOnToolsVersion = 14.2;
					};
				};
			};
			buildConfigurationList = 1997B0AB29C0C8C6006F2D2C /* Build configuration list for PBXProject "RLTest" */;
			compatibilityVersion = "Xcode 14.0";
			developmentRegion = en;
			hasScannedForEncodings = 0;
			knownRegions = (
				en,
				Base,
			);
			mainGroup = 1997B0A729C0C8C6006F2D2C;
			packageReferences = (
				1997B0D129C0DBB4006F2D2C /* XCRemoteSwiftPackageReference "firebase-ios-sdk" */,
			);
			productRefGroup = 1997B0B129C0C8C6006F2D2C /* Products */;
			projectDirPath = "";
			projectRoot = "";
			targets = (
				1997B0AF29C0C8C6006F2D2C /* RLTest */,
			);
		};
/* End PBXProject section */

/* Begin PBXResourcesBuildPhase section */
		1997B0AE29C0C8C6006F2D2C /* Resources */ = {
			isa = PBXResourcesBuildPhase;
			buildActionMask = 2147483647;
			files = (
				19D9BDCD29C4B5C10070D916 /* MessageCell.xib in Resources */,
				1997B0C029C0C8C7006F2D2C /* LaunchScreen.storyboard in Resources */,
				1997B0D029C0DAC2006F2D2C /* GoogleService-Info.plist in Resources */,
				1997B0BD29C0C8C7006F2D2C /* Assets.xcassets in Resources */,
				1997B0BB29C0C8C6006F2D2C /* Main.storyboard in Resources */,
			);
			runOnlyForDeploymentPostprocessing = 0;
		};
/* End PBXResourcesBuildPhase section */

/* Begin PBXSourcesBuildPhase section */
		1997B0AC29C0C8C6006F2D2C /* Sources */ = {
			isa = PBXSourcesBuildPhase;
			buildActionMask = 2147483647;
			files = (
				1997B0B829C0C8C6006F2D2C /* ViewController.swift in Sources */,
				1997B0B429C0C8C6006F2D2C /* AppDelegate.swift in Sources */,
				1997B0C929C0CCB6006F2D2C /* RegisterViewControler.swift in Sources */,
				1997B0CB29C0CCCC006F2D2C /* LoginViewController.swift in Sources */,
				192009E929C3561800C7C166 /* Constants.swift in Sources */,
				19D9BDC929C4A9BD0070D916 /* Message.swift in Sources */,
				1997B0CE29C0D84D006F2D2C /* SuccessViewController.swift in Sources */,
				1997B0B629C0C8C6006F2D2C /* SceneDelegate.swift in Sources */,
				19D9BDCC29C4B5C10070D916 /* MessageCell.swift in Sources */,
			);
			runOnlyForDeploymentPostprocessing = 0;
		};
/* End PBXSourcesBuildPhase section */

/* Begin PBXVariantGroup section */
		1997B0B929C0C8C6006F2D2C /* Main.storyboard */ = {
			isa = PBXVariantGroup;
			children = (
				1997B0BA29C0C8C6006F2D2C /* Base */,
			);
			name = Main.storyboard;
			sourceTree = "<group>";
		};
		1997B0BE29C0C8C7006F2D2C /* LaunchScreen.storyboard */ = {
			isa = PBXVariantGroup;
			children = (
				1997B0BF29C0C8C7006F2D2C /* Base */,
			);
			name = LaunchScreen.storyboard;
			sourceTree = "<group>";
		};
/* End PBXVariantGroup section */

/* Begin XCBuildConfiguration section */
		1997B0C229C0C8C7006F2D2C /* Debug */ = {
			isa = XCBuildConfiguration;
			buildSettings = {
				ALWAYS_SEARCH_USER_PATHS = NO;
				CLANG_ANALYZER_NONNULL = YES;
				CLANG_ANALYZER_NUMBER_OBJECT_CONVERSION = YES_AGGRESSIVE;
				CLANG_CXX_LANGUAGE_STANDARD = "gnu++20";
				CLANG_ENABLE_MODULES = YES;
				CLANG_ENABLE_OBJC_ARC = YES;
				CLANG_ENABLE_OBJC_WEAK = YES;
				CLANG_WARN_BLOCK_CAPTURE_AUTORELEASING = YES;
				CLANG_WARN_BOOL_CONVERSION = YES;
				CLANG_WARN_COMMA = YES;
				CLANG_WARN_CONSTANT_CONVERSION = YES;
				CLANG_WARN_DEPRECATED_OBJC_IMPLEMENTATIONS = YES;
				CLANG_WARN_DIRECT_OBJC_ISA_USAGE = YES_ERROR;
				CLANG_WARN_DOCUMENTATION_COMMENTS = YES;
				CLANG_WARN_EMPTY_BODY = YES;
				CLANG_WARN_ENUM_CONVERSION = YES;
				CLANG_WARN_INFINITE_RECURSION = YES;
				CLANG_WARN_INT_CONVERSION = YES;
				CLANG_WARN_NON_LITERAL_NULL_CONVERSION = YES;
				CLANG_WARN_OBJC_IMPLICIT_RETAIN_SELF = YES;
				CLANG_WARN_OBJC_LITERAL_CONVERSION = YES;
				CLANG_WARN_OBJC_ROOT_CLASS = YES_ERROR;
				CLANG_WARN_QUOTED_INCLUDE_IN_FRAMEWORK_HEADER = YES;
				CLANG_WARN_RANGE_LOOP_ANALYSIS = YES;
				CLANG_WARN_STRICT_PROTOTYPES = YES;
				CLANG_WARN_SUSPICIOUS_MOVE = YES;
				CLANG_WARN_UNGUARDED_AVAILABILITY = YES_AGGRESSIVE;
				CLANG_WARN_UNREACHABLE_CODE = YES;
				CLANG_WARN__DUPLICATE_METHOD_MATCH = YES;
				COPY_PHASE_STRIP = NO;
				DEBUG_INFORMATION_FORMAT = dwarf;
				ENABLE_STRICT_OBJC_MSGSEND = YES;
				ENABLE_TESTABILITY = YES;
				GCC_C_LANGUAGE_STANDARD = gnu11;
				GCC_DYNAMIC_NO_PIC = NO;
				GCC_NO_COMMON_BLOCKS = YES;
				GCC_OPTIMIZATION_LEVEL = 0;
				GCC_PREPROCESSOR_DEFINITIONS = (
					"DEBUG=1",
					"$(inherited)",
				);
				GCC_WARN_64_TO_32_BIT_CONVERSION = YES;
				GCC_WARN_ABOUT_RETURN_TYPE = YES_ERROR;
				GCC_WARN_UNDECLARED_SELECTOR = YES;
				GCC_WARN_UNINITIALIZED_AUTOS = YES_AGGRESSIVE;
				GCC_WARN_UNUSED_FUNCTION = YES;
				GCC_WARN_UNUSED_VARIABLE = YES;
				IPHONEOS_DEPLOYMENT_TARGET = 16.2;
				MTL_ENABLE_DEBUG_INFO = INCLUDE_SOURCE;
				MTL_FAST_MATH = YES;
				ONLY_ACTIVE_ARCH = YES;
				SDKROOT = iphoneos;
				SWIFT_ACTIVE_COMPILATION_CONDITIONS = DEBUG;
				SWIFT_OPTIMIZATION_LEVEL = "-Onone";
			};
			name = Debug;
		};
		1997B0C329C0C8C7006F2D2C /* Release */ = {
			isa = XCBuildConfiguration;
			buildSettings = {
				ALWAYS_SEARCH_USER_PATHS = NO;
				CLANG_ANALYZER_NONNULL = YES;
				CLANG_ANALYZER_NUMBER_OBJECT_CONVERSION = YES_AGGRESSIVE;
				CLANG_CXX_LANGUAGE_STANDARD = "gnu++20";
				CLANG_ENABLE_MODULES = YES;
				CLANG_ENABLE_OBJC_ARC = YES;
				CLANG_ENABLE_OBJC_WEAK = YES;
				CLANG_WARN_BLOCK_CAPTURE_AUTORELEASING = YES;
				CLANG_WARN_BOOL_CONVERSION = YES;
				CLANG_WARN_COMMA = YES;
				CLANG_WARN_CONSTANT_CONVERSION = YES;
				CLANG_WARN_DEPRECATED_OBJC_IMPLEMENTATIONS = YES;
				CLANG_WARN_DIRECT_OBJC_ISA_USAGE = YES_ERROR;
				CLANG_WARN_DOCUMENTATION_COMMENTS = YES;
				CLANG_WARN_EMPTY_BODY = YES;
				CLANG_WARN_ENUM_CONVERSION = YES;
				CLANG_WARN_INFINITE_RECURSION = YES;
				CLANG_WARN_INT_CONVERSION = YES;
				CLANG_WARN_NON_LITERAL_NULL_CONVERSION = YES;
				CLANG_WARN_OBJC_IMPLICIT_RETAIN_SELF = YES;
				CLANG_WARN_OBJC_LITERAL_CONVERSION = YES;
				CLANG_WARN_OBJC_ROOT_CLASS = YES_ERROR;
				CLANG_WARN_QUOTED_INCLUDE_IN_FRAMEWORK_HEADER = YES;
				CLANG_WARN_RANGE_LOOP_ANALYSIS = YES;
				CLANG_WARN_STRICT_PROTOTYPES = YES;
				CLANG_WARN_SUSPICIOUS_MOVE = YES;
				CLANG_WARN_UNGUARDED_AVAILABILITY = YES_AGGRESSIVE;
				CLANG_WARN_UNREACHABLE_CODE = YES;
				CLANG_WARN__DUPLICATE_METHOD_MATCH = YES;
				COPY_PHASE_STRIP = NO;
				DEBUG_INFORMATION_FORMAT = "dwarf-with-dsym";
				ENABLE_NS_ASSERTIONS = NO;
				ENABLE_STRICT_OBJC_MSGSEND = YES;
				GCC_C_LANGUAGE_STANDARD = gnu11;
				GCC_NO_COMMON_BLOCKS = YES;
				GCC_WARN_64_TO_32_BIT_CONVERSION = YES;
				GCC_WARN_ABOUT_RETURN_TYPE = YES_ERROR;
				GCC_WARN_UNDECLARED_SELECTOR = YES;
				GCC_WARN_UNINITIALIZED_AUTOS = YES_AGGRESSIVE;
				GCC_WARN_UNUSED_FUNCTION = YES;
				GCC_WARN_UNUSED_VARIABLE = YES;
				IPHONEOS_DEPLOYMENT_TARGET = 16.2;
				MTL_ENABLE_DEBUG_INFO = NO;
				MTL_FAST_MATH = YES;
				SDKROOT = iphoneos;
				SWIFT_COMPILATION_MODE = wholemodule;
				SWIFT_OPTIMIZATION_LEVEL = "-O";
				VALIDATE_PRODUCT = YES;
			};
			name = Release;
		};
		1997B0C529C0C8C7006F2D2C /* Debug */ = {
			isa = XCBuildConfiguration;
			buildSettings = {
				ASSETCATALOG_COMPILER_APPICON_NAME = AppIcon;
				ASSETCATALOG_COMPILER_GLOBAL_ACCENT_COLOR_NAME = AccentColor;
				CODE_SIGN_STYLE = Automatic;
				CURRENT_PROJECT_VERSION = 1;
				DEVELOPMENT_TEAM = 83BR84PVQ5;
				GENERATE_INFOPLIST_FILE = YES;
				INFOPLIST_FILE = RLTest/Info.plist;
				INFOPLIST_KEY_UIApplicationSupportsIndirectInputEvents = YES;
				INFOPLIST_KEY_UILaunchStoryboardName = LaunchScreen;
				INFOPLIST_KEY_UIMainStoryboardFile = Main;
				INFOPLIST_KEY_UISupportedInterfaceOrientations_iPad = "UIInterfaceOrientationPortrait UIInterfaceOrientationPortraitUpsideDown UIInterfaceOrientationLandscapeLeft UIInterfaceOrientationLandscapeRight";
				INFOPLIST_KEY_UISupportedInterfaceOrientations_iPhone = "UIInterfaceOrientationPortrait UIInterfaceOrientationLandscapeLeft UIInterfaceOrientationLandscapeRight";
				IPHONEOS_DEPLOYMENT_TARGET = 16.0;
				LD_RUNPATH_SEARCH_PATHS = (
					"$(inherited)",
					"@executable_path/Frameworks",
				);
				MARKETING_VERSION = 1.0;
				PRODUCT_BUNDLE_IDENTIFIER = com.robertfranczak.RLTest;
				PRODUCT_NAME = "$(TARGET_NAME)";
				SWIFT_EMIT_LOC_STRINGS = YES;
				SWIFT_VERSION = 5.0;
				TARGETED_DEVICE_FAMILY = "1,2";
			};
			name = Debug;
		};
		1997B0C629C0C8C7006F2D2C /* Release */ = {
			isa = XCBuildConfiguration;
			buildSettings = {
				ASSETCATALOG_COMPILER_APPICON_NAME = AppIcon;
				ASSETCATALOG_COMPILER_GLOBAL_ACCENT_COLOR_NAME = AccentColor;
				CODE_SIGN_STYLE = Automatic;
				CURRENT_PROJECT_VERSION = 1;
				DEVELOPMENT_TEAM = 83BR84PVQ5;
				GENERATE_INFOPLIST_FILE = YES;
				INFOPLIST_FILE = RLTest/Info.plist;
				INFOPLIST_KEY_UIApplicationSupportsIndirectInputEvents = YES;
				INFOPLIST_KEY_UILaunchStoryboardName = LaunchScreen;
				INFOPLIST_KEY_UIMainStoryboardFile = Main;
				INFOPLIST_KEY_UISupportedInterfaceOrientations_iPad = "UIInterfaceOrientationPortrait UIInterfaceOrientationPortraitUpsideDown UIInterfaceOrientationLandscapeLeft UIInterfaceOrientationLandscapeRight";
				INFOPLIST_KEY_UISupportedInterfaceOrientations_iPhone = "UIInterfaceOrientationPortrait UIInterfaceOrientationLandscapeLeft UIInterfaceOrientationLandscapeRight";
				IPHONEOS_DEPLOYMENT_TARGET = 16.0;
				LD_RUNPATH_SEARCH_PATHS = (
					"$(inherited)",
					"@executable_path/Frameworks",
				);
				MARKETING_VERSION = 1.0;
				PRODUCT_BUNDLE_IDENTIFIER = com.robertfranczak.RLTest;
				PRODUCT_NAME = "$(TARGET_NAME)";
				SWIFT_EMIT_LOC_STRINGS = YES;
				SWIFT_VERSION = 5.0;
				TARGETED_DEVICE_FAMILY = "1,2";
			};
			name = Release;
		};
/* End XCBuildConfiguration section */

/* Begin XCConfigurationList section */
		1997B0AB29C0C8C6006F2D2C /* Build configuration list for PBXProject "RLTest" */ = {
			isa = XCConfigurationList;
			buildConfigurations = (
				1997B0C229C0C8C7006F2D2C /* Debug */,
				1997B0C329C0C8C7006F2D2C /* Release */,
			);
			defaultConfigurationIsVisible = 0;
			defaultConfigurationName = Release;
		};
		1997B0C429C0C8C7006F2D2C /* Build configuration list for PBXNativeTarget "RLTest" */ = {
			isa = XCConfigurationList;
			buildConfigurations = (
				1997B0C529C0C8C7006F2D2C /* Debug */,
				1997B0C629C0C8C7006F2D2C /* Release */,
			);
			defaultConfigurationIsVisible = 0;
			defaultConfigurationName = Release;
		};
/* End XCConfigurationList section */

/* Begin XCRemoteSwiftPackageReference section */
		1997B0D129C0DBB4006F2D2C /* XCRemoteSwiftPackageReference "firebase-ios-sdk" */ = {
			isa = XCRemoteSwiftPackageReference;
			repositoryURL = "https://github.com/firebase/firebase-ios-sdk";
			requirement = {
				kind = upToNextMajorVersion;
				minimumVersion = 9.0.0;
			};
		};
/* End XCRemoteSwiftPackageReference section */

/* Begin XCSwiftPackageProductDependency section */
		1997B0D229C0DBB4006F2D2C /* FirebaseAuth */ = {
			isa = XCSwiftPackageProductDependency;
			package = 1997B0D129C0DBB4006F2D2C /* XCRemoteSwiftPackageReference "firebase-ios-sdk" */;
			productName = FirebaseAuth;
		};
		1997B0D429C0DBB4006F2D2C /* FirebaseFirestore */ = {
			isa = XCSwiftPackageProductDependency;
			package = 1997B0D129C0DBB4006F2D2C /* XCRemoteSwiftPackageReference "firebase-ios-sdk" */;
			productName = FirebaseFirestore;
		};
/* End XCSwiftPackageProductDependency section */
	};
	rootObject = 1997B0A829C0C8C6006F2D2C /* Project object */;
}
